
Microsoft Visual Studio Solution File, Format Version 12.00
# Visual Studio Version 17
VisualStudioVersion = 17.5.33502.453
MinimumVisualStudioVersion = 10.0.40219.1
Project("{9A19103F-16F7-4668-BE54-9A1E7A4F7556}") = "Sepia", "Sepia\Sepia.csproj", "{2366B6BA-0BB9-4C85-B9B5-405E16CC6ADC}"
EndProject
Project("{9A19103F-16F7-4668-BE54-9A1E7A4F7556}") = "SepiaTester", "SepiaTester\SepiaTester.csproj", "{AAB0FA0C-BE3E-4B0A-8D34-D46DD8FCBF0E}"
EndProject
Global
	GlobalSection(SolutionConfigurationPlatforms) = preSolution
		Debug|Any CPU = Debug|Any CPU
		Release|Any CPU = Release|Any CPU
	EndGlobalSection
	GlobalSection(ProjectConfigurationPlatforms) = postSolution
		{2366B6BA-0BB9-4C85-B9B5-405E16CC6ADC}.Debug|Any CPU.ActiveCfg = Debug|Any CPU
		{2366B6BA-0BB9-4C85-B9B5-405E16CC6ADC}.Debug|Any CPU.Build.0 = Debug|Any CPU
		{2366B6BA-0BB9-4C85-B9B5-405E16CC6ADC}.Release|Any CPU.ActiveCfg = Release|Any CPU
		{2366B6BA-0BB9-4C85-B9B5-405E16CC6ADC}.Release|Any CPU.Build.0 = Release|Any CPU
		{AAB0FA0C-BE3E-4B0A-8D34-D46DD8FCBF0E}.Debug|Any CPU.ActiveCfg = Debug|Any CPU
		{AAB0FA0C-BE3E-4B0A-8D34-D46DD8FCBF0E}.Debug|Any CPU.Build.0 = Debug|Any CPU
		{AAB0FA0C-BE3E-4B0A-8D34-D46DD8FCBF0E}.Release|Any CPU.ActiveCfg = Release|Any CPU
		{AAB0FA0C-BE3E-4B0A-8D34-D46DD8FCBF0E}.Release|Any CPU.Build.0 = Release|Any CPU
	EndGlobalSection
	GlobalSection(SolutionProperties) = preSolution
		HideSolutionNode = FALSE
	EndGlobalSection
	GlobalSection(ExtensibilityGlobals) = postSolution
		SolutionGuid = {F24D2E9C-4EFA-4473-BE8E-9548534391D8}
	EndGlobalSection
EndGlobal
